
Microsoft Visual Studio Solution File, Format Version 12.00
# Visual Studio Version 16
VisualStudioVersion = 16.0.32929.386
MinimumVisualStudioVersion = 10.0.40219.1
Project("{C9674DCB-5085-4A16-B785-4C70DD1589BD}") = "ProyectoDemo", "ProyectoDemo\ProyectoDemo.dtproj", "{215C7268-40C3-4103-80E5-7F101F8B2115}"
EndProject
Global
	GlobalSection(SolutionConfigurationPlatforms) = preSolution
		Development|Default = Development|Default
	EndGlobalSection
	GlobalSection(ProjectConfigurationPlatforms) = postSolution
		{215C7268-40C3-4103-80E5-7F101F8B2115}.Development|Default.ActiveCfg = Development
		{215C7268-40C3-4103-80E5-7F101F8B2115}.Development|Default.Build.0 = Development
	EndGlobalSection
	GlobalSection(SolutionProperties) = preSolution
		HideSolutionNode = FALSE
	EndGlobalSection
	GlobalSection(ExtensibilityGlobals) = postSolution
		SolutionGuid = {160E6B0C-4E21-4452-8297-E22E6EAA9350}
	EndGlobalSection
EndGlobal
