
Microsoft Visual Studio Solution File, Format Version 12.00
# Visual Studio Version 16
VisualStudioVersion = 16.0.32929.386
MinimumVisualStudioVersion = 10.0.40219.1
Project("{FAE04EC0-301F-11D3-BF4B-00C04F79EFBC}") = "Eureka2022", "Eureka2022\Eureka2022.csproj", "{F79FA8CE-5209-4A50-96A9-DD99E8386A90}"
EndProject
Project("{FAE04EC0-301F-11D3-BF4B-00C04F79EFBC}") = "CapaService", "CapaService\CapaService.csproj", "{DA7BD3A4-98FF-4D34-AA4F-7D83EDF77CBA}"
EndProject
Project("{FAE04EC0-301F-11D3-BF4B-00C04F79EFBC}") = "CapaModel", "CapaModel\CapaModel.csproj", "{05A954F7-A33C-412B-A43E-44646B3F02FA}"
EndProject
Global
	GlobalSection(SolutionConfigurationPlatforms) = preSolution
		Debug|Any CPU = Debug|Any CPU
		Release|Any CPU = Release|Any CPU
	EndGlobalSection
	GlobalSection(ProjectConfigurationPlatforms) = postSolution
		{F79FA8CE-5209-4A50-96A9-DD99E8386A90}.Debug|Any CPU.ActiveCfg = Debug|Any CPU
		{F79FA8CE-5209-4A50-96A9-DD99E8386A90}.Debug|Any CPU.Build.0 = Debug|Any CPU
		{F79FA8CE-5209-4A50-96A9-DD99E8386A90}.Release|Any CPU.ActiveCfg = Release|Any CPU
		{F79FA8CE-5209-4A50-96A9-DD99E8386A90}.Release|Any CPU.Build.0 = Release|Any CPU
		{DA7BD3A4-98FF-4D34-AA4F-7D83EDF77CBA}.Debug|Any CPU.ActiveCfg = Debug|Any CPU
		{DA7BD3A4-98FF-4D34-AA4F-7D83EDF77CBA}.Debug|Any CPU.Build.0 = Debug|Any CPU
		{DA7BD3A4-98FF-4D34-AA4F-7D83EDF77CBA}.Release|Any CPU.ActiveCfg = Release|Any CPU
		{DA7BD3A4-98FF-4D34-AA4F-7D83EDF77CBA}.Release|Any CPU.Build.0 = Release|Any CPU
		{05A954F7-A33C-412B-A43E-44646B3F02FA}.Debug|Any CPU.ActiveCfg = Debug|Any CPU
		{05A954F7-A33C-412B-A43E-44646B3F02FA}.Debug|Any CPU.Build.0 = Debug|Any CPU
		{05A954F7-A33C-412B-A43E-44646B3F02FA}.Release|Any CPU.ActiveCfg = Release|Any CPU
		{05A954F7-A33C-412B-A43E-44646B3F02FA}.Release|Any CPU.Build.0 = Release|Any CPU
	EndGlobalSection
	GlobalSection(SolutionProperties) = preSolution
		HideSolutionNode = FALSE
	EndGlobalSection
	GlobalSection(ExtensibilityGlobals) = postSolution
		SolutionGuid = {7A36B789-4B41-4506-9091-A206D93FE70F}
	EndGlobalSection
EndGlobal
